
Microsoft Visual Studio Solution File, Format Version 12.00
# Visual Studio 15
VisualStudioVersion = 15.0.28307.271
MinimumVisualStudioVersion = 10.0.40219.1
Project("{8BC9CEB8-8B4A-11D0-8D11-00A0C91BC942}") = "Epic Maze Revamped", "Epic Maze Revamped\Epic Maze Revamped.vcxproj", "{B5DF3195-8F96-4370-A8D4-0E3ACFCA267F}"
EndProject
Global
	GlobalSection(SolutionConfigurationPlatforms) = preSolution
		Debug|x64 = Debug|x64
		Debug|x86 = Debug|x86
		Release|x64 = Release|x64
		Release|x86 = Release|x86
	EndGlobalSection
	GlobalSection(ProjectConfigurationPlatforms) = postSolution
		{B5DF3195-8F96-4370-A8D4-0E3ACFCA267F}.Debug|x64.ActiveCfg = Debug|x64
		{B5DF3195-8F96-4370-A8D4-0E3ACFCA267F}.Debug|x64.Build.0 = Debug|x64
		{B5DF3195-8F96-4370-A8D4-0E3ACFCA267F}.Debug|x86.ActiveCfg = Debug|Win32
		{B5DF3195-8F96-4370-A8D4-0E3ACFCA267F}.Debug|x86.Build.0 = Debug|Win32
		{B5DF3195-8F96-4370-A8D4-0E3ACFCA267F}.Release|x64.ActiveCfg = Release|x64
		{B5DF3195-8F96-4370-A8D4-0E3ACFCA267F}.Release|x64.Build.0 = Release|x64
		{B5DF3195-8F96-4370-A8D4-0E3ACFCA267F}.Release|x86.ActiveCfg = Release|Win32
		{B5DF3195-8F96-4370-A8D4-0E3ACFCA267F}.Release|x86.Build.0 = Release|Win32
	EndGlobalSection
	GlobalSection(SolutionProperties) = preSolution
		HideSolutionNode = FALSE
	EndGlobalSection
	GlobalSection(ExtensibilityGlobals) = postSolution
		SolutionGuid = {37E6B332-1383-48E7-9F15-5CD76E5AE9FA}
	EndGlobalSection
EndGlobal
